
Microsoft Visual Studio Solution File, Format Version 12.00
# Visual Studio 15
VisualStudioVersion = 15.0.28010.2026
MinimumVisualStudioVersion = 10.0.40219.1
Project("{FAE04EC0-301F-11D3-BF4B-00C04F79EFBC}") = "UpdateEmails", "UpdateEmails\UpdateEmails.csproj", "{E50446A3-FA59-4FB8-A76C-AC8DEAAC964D}"
EndProject
Global
	GlobalSection(SolutionConfigurationPlatforms) = preSolution
		Debug|Any CPU = Debug|Any CPU
		Release|Any CPU = Release|Any CPU
	EndGlobalSection
	GlobalSection(ProjectConfigurationPlatforms) = postSolution
		{E50446A3-FA59-4FB8-A76C-AC8DEAAC964D}.Debug|Any CPU.ActiveCfg = Debug|Any CPU
		{E50446A3-FA59-4FB8-A76C-AC8DEAAC964D}.Debug|Any CPU.Build.0 = Debug|Any CPU
		{E50446A3-FA59-4FB8-A76C-AC8DEAAC964D}.Release|Any CPU.ActiveCfg = Release|Any CPU
		{E50446A3-FA59-4FB8-A76C-AC8DEAAC964D}.Release|Any CPU.Build.0 = Release|Any CPU
	EndGlobalSection
	GlobalSection(SolutionProperties) = preSolution
		HideSolutionNode = FALSE
	EndGlobalSection
	GlobalSection(ExtensibilityGlobals) = postSolution
		SolutionGuid = {8FA33699-25E5-46D1-B834-DEA957CA0C1A}
	EndGlobalSection
	GlobalSection(TeamFoundationVersionControl) = preSolution
		SccNumberOfProjects = 2
		SccEnterpriseProvider = {4CA58AB2-18FA-4F8D-95D4-32DDF27D184C}
		SccTeamFoundationServer = https://hortonrepo.visualstudio.com/
		SccLocalPath0 = .
		SccProjectUniqueName1 = UpdateEmails\\UpdateEmails.csproj
		SccProjectName1 = UpdateEmails
		SccLocalPath1 = UpdateEmails
	EndGlobalSection
EndGlobal
